{
  "version": 4,
  "terraform_version": "1.9.4",
  "serial": 5,
  "lineage": "84f58c39-2a56-eabd-090e-6f166de36e70",
  "outputs": {
    "playlist_url": {
      "value": "https://open.spotify.com/playlist/0FBOFoslTKOUrWMk0eeJNb",
      "type": "string"
    }
  },
  "resources": [
    {
      "mode": "data",
      "type": "spotify_search_track",
      "name": "by_artist",
      "provider": "provider[\"registry.terraform.io/conradludgate/spotify\"]",
      "instances": [
        {
          "schema_version": 0,
          "attributes": {
            "album": null,
            "artist": "Dolly Parton",
            "explicit": true,
            "id": "1731348626",
            "limit": 10,
            "name": null,
            "tracks": [
              {
                "album": "64Ky1tqKPfwxhJs6msphWd",
                "artists": [
                  "32vWCbZh0xZ4o9gkz4PsEU"
                ],
                "id": "4w3tQBXhn5345eUXDGBWZG",
                "name": "9 to 5"
              },
              {
                "album": "5DyOxuvdSmTSNAmkfcsBsj",
                "artists": [
                  "32vWCbZh0xZ4o9gkz4PsEU"
                ],
                "id": "6nRvgo4ySezQKD1D7NIqAu",
                "name": "I Will Always Love You"
              },
              {
                "album": "0Qk5ItMuEF2zYoHN8J1sKT",
                "artists": [
                  "32vWCbZh0xZ4o9gkz4PsEU",
                  "4tw2Lmn9tTPUv7Gy7mVPI4"
                ],
                "id": "6apPqjW8ezpKEicAkkBlvO",
                "name": "Islands in the Stream"
              },
              {
                "album": "5DyOxuvdSmTSNAmkfcsBsj",
                "artists": [
                  "32vWCbZh0xZ4o9gkz4PsEU"
                ],
                "id": "2SpEHTbUuebeLkgs9QB7Ue",
                "name": "Jolene"
              },
              {
                "album": "17CT6ru3CyDXAi6xVaSUzg",
                "artists": [
                  "32vWCbZh0xZ4o9gkz4PsEU"
                ],
                "id": "1l2Xmg54EUr3TDzNIaCr1z",
                "name": "Coat of Many Colors"
              },
              {
                "album": "4BbsHmXEghoPPevQjPnHXx",
                "artists": [
                  "246dkjvS1zLTtiykXe5h60",
                  "32vWCbZh0xZ4o9gkz4PsEU"
                ],
                "id": "1sqXfPaRD7npnH712RZQAF",
                "name": "Have The Heart (Feat. Dolly Parton)"
              },
              {
                "album": "4f2G7uAWqzpOPwEfCDV87A",
                "artists": [
                  "246dkjvS1zLTtiykXe5h60",
                  "32vWCbZh0xZ4o9gkz4PsEU"
                ],
                "id": "2jl6rKH9qQsCgmeDytere3",
                "name": "Have The Heart (Feat. Dolly Parton)"
              },
              {
                "album": "2v2iR6vtrLVTyiNIEsv5Sg",
                "artists": [
                  "32vWCbZh0xZ4o9gkz4PsEU"
                ],
                "id": "5fdhThPDe6jQQDqCyWrdAn",
                "name": "Jolene"
              },
              {
                "album": "3QmIn4Ilj5fV1eRbYzt21P",
                "artists": [
                  "32vWCbZh0xZ4o9gkz4PsEU",
                  "4tw2Lmn9tTPUv7Gy7mVPI4"
                ],
                "id": "4mnOVRRXsaqg9Nb041xR8u",
                "name": "Islands in the Stream"
              },
              {
                "album": "4TlLYmspdNdUAIitDn3WEk",
                "artists": [
                  "6g10GEtmIVqIQBhPZh4ScQ",
                  "32vWCbZh0xZ4o9gkz4PsEU"
                ],
                "id": "6oizwmD5yHvlQUw0xvirrY",
                "name": "There Was Jesus"
              }
            ],
            "year": null
          },
          "sensitive_attributes": []
        }
      ]
    },
    {
      "mode": "data",
      "type": "spotify_search_track",
      "name": "eminem",
      "provider": "provider[\"registry.terraform.io/conradludgate/spotify\"]",
      "instances": [
        {
          "schema_version": 0,
          "attributes": {
            "album": null,
            "artist": "Eminem",
            "explicit": true,
            "id": "1731348626",
            "limit": 10,
            "name": null,
            "tracks": [
              {
                "album": "1kTlYbs28MXw7hwO0NLYif",
                "artists": [
                  "7dGJo4pcD2V6oG8kP0tJRR"
                ],
                "id": "561jH07mF1jHuk7KlaeF0s",
                "name": "Mockingbird"
              },
              {
                "album": "2cWBwpqMsDJC1ZUwz813lo",
                "artists": [
                  "7dGJo4pcD2V6oG8kP0tJRR"
                ],
                "id": "7lQ8MOhq6IN2w8EYcFNSUk",
                "name": "Without Me"
              },
              {
                "album": "6t7956yu5zYf5A829XRiHC",
                "artists": [
                  "7dGJo4pcD2V6oG8kP0tJRR"
                ],
                "id": "3yfqSUWxFvZELEM4PmlwIR",
                "name": "The Real Slim Shady"
              },
              {
                "album": "47BiFcV59TQi2s9SkBo2pb",
                "artists": [
                  "7dGJo4pcD2V6oG8kP0tJRR",
                  "5pKCCKE2ajJHZ9KAiaK11H"
                ],
                "id": "15JINEqzVMv3SvJTAXAKED",
                "name": "Love The Way You Lie"
              },
              {
                "album": "4otkd9As6YaxxEkIjXPiZ6",
                "artists": [
                  "7dGJo4pcD2V6oG8kP0tJRR",
                  "4MCBfE4596Uoi2O4DtmEMz"
                ],
                "id": "7FIWs0pqAYbP91WWM0vlTQ",
                "name": "Godzilla (feat. Juice WRLD)"
              },
              {
                "album": "2cWBwpqMsDJC1ZUwz813lo",
                "artists": [
                  "7dGJo4pcD2V6oG8kP0tJRR",
                  "5jNmxPYz8QE5rYp4GDil8t"
                ],
                "id": "4woTEX1wYOTGDqNXuavlRC",
                "name": "Superman"
              },
              {
                "album": "6t7956yu5zYf5A829XRiHC",
                "artists": [
                  "7dGJo4pcD2V6oG8kP0tJRR",
                  "2mpeljBig2IXLXRAFO9AAs"
                ],
                "id": "3UmaczJpikHgJFyBTAJVoz",
                "name": "Stan"
              },
              {
                "album": "2cWBwpqMsDJC1ZUwz813lo",
                "artists": [
                  "7dGJo4pcD2V6oG8kP0tJRR",
                  "1Oa0bMld0A3u5OTYfMzp5h"
                ],
                "id": "4xkOaSrkexMciUUogZKVTS",
                "name": "Till I Collapse"
              },
              {
                "album": "6kzoWb4UzvKYgbDfAwgaFq",
                "artists": [
                  "0z4gvV4rjIZ9wHck67ucSV",
                  "7dGJo4pcD2V6oG8kP0tJRR"
                ],
                "id": "2kQuhkFX7uSVepCD3h29g5",
                "name": "Smack That"
              },
              {
                "album": "1rfORa9iYmocEsnnZGMVC4",
                "artists": [
                  "7dGJo4pcD2V6oG8kP0tJRR"
                ],
                "id": "1v7L65Lzy0j0vdpRjJewt1",
                "name": "Lose Yourself"
              }
            ],
            "year": null
          },
          "sensitive_attributes": []
        }
      ]
    },
    {
      "mode": "managed",
      "type": "spotify_playlist",
      "name": "Bollywood",
      "provider": "provider[\"registry.terraform.io/conradludgate/spotify\"]",
      "instances": [
        {
          "schema_version": 0,
          "attributes": {
            "description": null,
            "id": "6GNuS2VSFTYHjQlPAXfFn0",
            "name": "Bollywood",
            "public": true,
            "snapshot_id": "AAAAAuXSh2+2cQxSFseu4ZwlKayFT0Hn",
            "tracks": [
              "131yybV7A3TmC34a0qE8u8"
            ]
          },
          "sensitive_attributes": [],
          "private": "bnVsbA=="
        }
      ]
    },
    {
      "mode": "managed",
      "type": "spotify_playlist",
      "name": "playlist",
      "provider": "provider[\"registry.terraform.io/conradludgate/spotify\"]",
      "instances": [
        {
          "schema_version": 0,
          "attributes": {
            "description": "This playlist was created by Terraform",
            "id": "0FBOFoslTKOUrWMk0eeJNb",
            "name": "Terraform Summer Playlist",
            "public": true,
            "snapshot_id": "AAAAAl1GIiKVh6D09e9blCWIw3fKzJ/b",
            "tracks": [
              "4w3tQBXhn5345eUXDGBWZG",
              "6nRvgo4ySezQKD1D7NIqAu",
              "6apPqjW8ezpKEicAkkBlvO"
            ]
          },
          "sensitive_attributes": [],
          "private": "bnVsbA==",
          "dependencies": [
            "data.spotify_search_track.by_artist"
          ]
        }
      ]
    },
    {
      "mode": "managed",
      "type": "spotify_playlist",
      "name": "slimShady",
      "provider": "provider[\"registry.terraform.io/conradludgate/spotify\"]",
      "instances": [
        {
          "schema_version": 0,
          "attributes": {
            "description": null,
            "id": "5KwSpH1S87HmYCdEW2DF6H",
            "name": "Slim Shady",
            "public": true,
            "snapshot_id": "AAAAAuVZkJhOFeiSZylMipZW8ss6YMJb",
            "tracks": [
              "561jH07mF1jHuk7KlaeF0s",
              "7lQ8MOhq6IN2w8EYcFNSUk",
              "3yfqSUWxFvZELEM4PmlwIR"
            ]
          },
          "sensitive_attributes": [],
          "private": "bnVsbA==",
          "dependencies": [
            "data.spotify_search_track.eminem"
          ]
        }
      ]
    }
  ],
  "check_results": null
}
