{
  "version": 4,
  "terraform_version": "1.9.4",
  "serial": 2,
  "lineage": "84f58c39-2a56-eabd-090e-6f166de36e70",
  "outputs": {
    "playlist_url": {
      "value": "https://open.spotify.com/playlist/0FBOFoslTKOUrWMk0eeJNb",
      "type": "string"
    }
  },
  "resources": [
    {
      "mode": "data",
      "type": "spotify_search_track",
      "name": "by_artist",
      "provider": "provider[\"registry.terraform.io/conradludgate/spotify\"]",
      "instances": [
        {
          "schema_version": 0,
          "attributes": {
            "album": null,
            "artist": "Dolly Parton",
            "explicit": true,
            "id": "1731348234",
            "limit": 10,
            "name": null,
            "tracks": [
              {
                "album": "64Ky1tqKPfwxhJs6msphWd",
                "artists": [
                  "32vWCbZh0xZ4o9gkz4PsEU"
                ],
                "id": "4w3tQBXhn5345eUXDGBWZG",
                "name": "9 to 5"
              },
              {
                "album": "5DyOxuvdSmTSNAmkfcsBsj",
                "artists": [
                  "32vWCbZh0xZ4o9gkz4PsEU"
                ],
                "id": "6nRvgo4ySezQKD1D7NIqAu",
                "name": "I Will Always Love You"
              },
              {
                "album": "0Qk5ItMuEF2zYoHN8J1sKT",
                "artists": [
                  "32vWCbZh0xZ4o9gkz4PsEU",
                  "4tw2Lmn9tTPUv7Gy7mVPI4"
                ],
                "id": "6apPqjW8ezpKEicAkkBlvO",
                "name": "Islands in the Stream"
              },
              {
                "album": "5DyOxuvdSmTSNAmkfcsBsj",
                "artists": [
                  "32vWCbZh0xZ4o9gkz4PsEU"
                ],
                "id": "2SpEHTbUuebeLkgs9QB7Ue",
                "name": "Jolene"
              },
              {
                "album": "17CT6ru3CyDXAi6xVaSUzg",
                "artists": [
                  "32vWCbZh0xZ4o9gkz4PsEU"
                ],
                "id": "1l2Xmg54EUr3TDzNIaCr1z",
                "name": "Coat of Many Colors"
              },
              {
                "album": "4BbsHmXEghoPPevQjPnHXx",
                "artists": [
                  "246dkjvS1zLTtiykXe5h60",
                  "32vWCbZh0xZ4o9gkz4PsEU"
                ],
                "id": "1sqXfPaRD7npnH712RZQAF",
                "name": "Have The Heart (Feat. Dolly Parton)"
              },
              {
                "album": "4f2G7uAWqzpOPwEfCDV87A",
                "artists": [
                  "246dkjvS1zLTtiykXe5h60",
                  "32vWCbZh0xZ4o9gkz4PsEU"
                ],
                "id": "2jl6rKH9qQsCgmeDytere3",
                "name": "Have The Heart (Feat. Dolly Parton)"
              },
              {
                "album": "2v2iR6vtrLVTyiNIEsv5Sg",
                "artists": [
                  "32vWCbZh0xZ4o9gkz4PsEU"
                ],
                "id": "5fdhThPDe6jQQDqCyWrdAn",
                "name": "Jolene"
              },
              {
                "album": "3QmIn4Ilj5fV1eRbYzt21P",
                "artists": [
                  "32vWCbZh0xZ4o9gkz4PsEU",
                  "4tw2Lmn9tTPUv7Gy7mVPI4"
                ],
                "id": "4mnOVRRXsaqg9Nb041xR8u",
                "name": "Islands in the Stream"
              },
              {
                "album": "4TlLYmspdNdUAIitDn3WEk",
                "artists": [
                  "6g10GEtmIVqIQBhPZh4ScQ",
                  "32vWCbZh0xZ4o9gkz4PsEU"
                ],
                "id": "6oizwmD5yHvlQUw0xvirrY",
                "name": "There Was Jesus"
              }
            ],
            "year": null
          },
          "sensitive_attributes": []
        }
      ]
    },
    {
      "mode": "managed",
      "type": "spotify_playlist",
      "name": "playlist",
      "provider": "provider[\"registry.terraform.io/conradludgate/spotify\"]",
      "instances": [
        {
          "schema_version": 0,
          "attributes": {
            "description": "This playlist was created by Terraform",
            "id": "0FBOFoslTKOUrWMk0eeJNb",
            "name": "Terraform Summer Playlist",
            "public": true,
            "snapshot_id": "AAAAAl1GIiKVh6D09e9blCWIw3fKzJ/b",
            "tracks": [
              "4w3tQBXhn5345eUXDGBWZG",
              "6nRvgo4ySezQKD1D7NIqAu",
              "6apPqjW8ezpKEicAkkBlvO"
            ]
          },
          "sensitive_attributes": [],
          "private": "bnVsbA==",
          "dependencies": [
            "data.spotify_search_track.by_artist"
          ]
        }
      ]
    }
  ],
  "check_results": null
}
